
Microsoft Visual Studio Solution File, Format Version 12.00
# Visual Studio Version 16
VisualStudioVersion = 16.0.31129.286
MinimumVisualStudioVersion = 10.0.40219.1
Project("{FAE04EC0-301F-11D3-BF4B-00C04F79EFBC}") = "WineTracker", "WineTracker\WineTracker.csproj", "{24E2113A-4D56-4BFD-8729-9E72A2C458D7}"
EndProject
Global
	GlobalSection(SolutionConfigurationPlatforms) = preSolution
		Debug|Any CPU = Debug|Any CPU
		Release|Any CPU = Release|Any CPU
	EndGlobalSection
	GlobalSection(ProjectConfigurationPlatforms) = postSolution
		{24E2113A-4D56-4BFD-8729-9E72A2C458D7}.Debug|Any CPU.ActiveCfg = Debug|Any CPU
		{24E2113A-4D56-4BFD-8729-9E72A2C458D7}.Debug|Any CPU.Build.0 = Debug|Any CPU
		{24E2113A-4D56-4BFD-8729-9E72A2C458D7}.Release|Any CPU.ActiveCfg = Release|Any CPU
		{24E2113A-4D56-4BFD-8729-9E72A2C458D7}.Release|Any CPU.Build.0 = Release|Any CPU
	EndGlobalSection
	GlobalSection(SolutionProperties) = preSolution
		HideSolutionNode = FALSE
	EndGlobalSection
	GlobalSection(ExtensibilityGlobals) = postSolution
		SolutionGuid = {004C278E-99EF-4A18-AC04-60078AD43E0E}
	EndGlobalSection
EndGlobal
